// !$*UTF8*$!
{
	archiveVersion = 1;
	classes = {
	};
	objectVersion = 46;
	objects = {

/* Begin PBXBuildFile section */
		C091358BEE36D6EB78CBEFDA /* libPods-ximituDemo.a in Frameworks */ = {isa = PBXBuildFile; fileRef = 65A453D833B2EDD15A740FF8 /* libPods-ximituDemo.a */; };
		D0523AE91E9CB40C001402CB /* FilterArray.m in Sources */ = {isa = PBXBuildFile; fileRef = D0523AE61E9CB40C001402CB /* FilterArray.m */; };
		D0523AEA1E9CB40C001402CB /* FilterChooseView.m in Sources */ = {isa = PBXBuildFile; fileRef = D0523AE81E9CB40C001402CB /* FilterChooseView.m */; };
		D0523B081E9CBCE4001402CB /* big@2x.png in Resources */ = {isa = PBXBuildFile; fileRef = D0523AED1E9CBCE3001402CB /* big@2x.png */; };
		D0523B091E9CBCE4001402CB /* button_forward@2x.png in Resources */ = {isa = PBXBuildFile; fileRef = D0523AEE1E9CBCE3001402CB /* button_forward@2x.png */; };
		D0523B0A1E9CBCE4001402CB /* go_back@2x.png in Resources */ = {isa = PBXBuildFile; fileRef = D0523AEF1E9CBCE3001402CB /* go_back@2x.png */; };
		D0523B0B1E9CBCE4001402CB /* icon_progress.png in Resources */ = {isa = PBXBuildFile; fileRef = D0523AF01E9CBCE3001402CB /* icon_progress.png */; };
		D0523B0C1E9CBCE4001402CB /* pause@2x.png in Resources */ = {isa = PBXBuildFile; fileRef = D0523AF11E9CBCE3001402CB /* pause@2x.png */; };
		D0523B0D1E9CBCE4001402CB /* play@2x.png in Resources */ = {isa = PBXBuildFile; fileRef = D0523AF21E9CBCE4001402CB /* play@2x.png */; };
		D0523B0E1E9CBCE4001402CB /* small@2x.png in Resources */ = {isa = PBXBuildFile; fileRef = D0523AF31E9CBCE4001402CB /* small@2x.png */; };
		D0523B0F1E9CBCE4001402CB /* XjAVPlayerSDK.m in Sources */ = {isa = PBXBuildFile; fileRef = D0523AF51E9CBCE4001402CB /* XjAVPlayerSDK.m */; };
		D0523B101E9CBCE4001402CB /* XJAVPlyer.m in Sources */ = {isa = PBXBuildFile; fileRef = D0523AF71E9CBCE4001402CB /* XJAVPlyer.m */; };
		D0523B111E9CBCE4001402CB /* XJBottomMenu.m in Sources */ = {isa = PBXBuildFile; fileRef = D0523AF91E9CBCE4001402CB /* XJBottomMenu.m */; };
		D0523B121E9CBCE4001402CB /* XJTopMenu.m in Sources */ = {isa = PBXBuildFile; fileRef = D0523AFB1E9CBCE4001402CB /* XJTopMenu.m */; };
		D0523B131E9CBCE4001402CB /* UIDevice+XJDevice.m in Sources */ = {isa = PBXBuildFile; fileRef = D0523AFE1E9CBCE4001402CB /* UIDevice+XJDevice.m */; };
		D0523B141E9CBCE4001402CB /* XJGestureButton.m in Sources */ = {isa = PBXBuildFile; fileRef = D0523B011E9CBCE4001402CB /* XJGestureButton.m */; };
		D0523B151E9CBCE4001402CB /* SCYLayerAddition.m in Sources */ = {isa = PBXBuildFile; fileRef = D0523B051E9CBCE4001402CB /* SCYLayerAddition.m */; };
		D0523B161E9CBCE4001402CB /* UIView+SCYCategory..m in Sources */ = {isa = PBXBuildFile; fileRef = D0523B061E9CBCE4001402CB /* UIView+SCYCategory..m */; };
		D0ECF7951E9726CE00EFDEFA /* CameraFilterVC.m in Sources */ = {isa = PBXBuildFile; fileRef = D0ECF7941E9726CE00EFDEFA /* CameraFilterVC.m */; };
		D0ECF7981E9726DF00EFDEFA /* LocalVideoEditVC.m in Sources */ = {isa = PBXBuildFile; fileRef = D0ECF7971E9726DE00EFDEFA /* LocalVideoEditVC.m */; };
		D0ECF79B1E9726EC00EFDEFA /* GPUImageBeautifyFilter.m in Sources */ = {isa = PBXBuildFile; fileRef = D0ECF79A1E9726EC00EFDEFA /* GPUImageBeautifyFilter.m */; };
		D0ECF7A21E97374900EFDEFA /* MBProgressHUD+MJ.m in Sources */ = {isa = PBXBuildFile; fileRef = D0ECF79E1E97374900EFDEFA /* MBProgressHUD+MJ.m */; };
		D0ECF7A31E97374900EFDEFA /* MBProgressHUD.bundle in Resources */ = {isa = PBXBuildFile; fileRef = D0ECF79F1E97374900EFDEFA /* MBProgressHUD.bundle */; };
		D0ECF7A41E97374900EFDEFA /* MBProgressHUD.m in Sources */ = {isa = PBXBuildFile; fileRef = D0ECF7A11E97374900EFDEFA /* MBProgressHUD.m */; };
		D0ECF7A71E97667500EFDEFA /* VideoClipVC.m in Sources */ = {isa = PBXBuildFile; fileRef = D0ECF7A61E97667500EFDEFA /* VideoClipVC.m */; };
		D0ECF7AD1E97688A00EFDEFA /* JLDoubleSlider.m in Sources */ = {isa = PBXBuildFile; fileRef = D0ECF7AA1E97688A00EFDEFA /* JLDoubleSlider.m */; };
		D0ECF7AE1E97688A00EFDEFA /* UIView+Dimension.m in Sources */ = {isa = PBXBuildFile; fileRef = D0ECF7AC1E97688A00EFDEFA /* UIView+Dimension.m */; };
		D0ECF7B01E977FEE00EFDEFA /* MediaPlayer.framework in Frameworks */ = {isa = PBXBuildFile; fileRef = D0ECF7AF1E977FEE00EFDEFA /* MediaPlayer.framework */; };
		D0FC512D1E9725DC0008E121 /* main.m in Sources */ = {isa = PBXBuildFile; fileRef = D0FC512C1E9725DC0008E121 /* main.m */; };
		D0FC51301E9725DC0008E121 /* AppDelegate.m in Sources */ = {isa = PBXBuildFile; fileRef = D0FC512F1E9725DC0008E121 /* AppDelegate.m */; };
		D0FC51331E9725DC0008E121 /* ViewController.m in Sources */ = {isa = PBXBuildFile; fileRef = D0FC51321E9725DC0008E121 /* ViewController.m */; };
		D0FC51361E9725DC0008E121 /* Main.storyboard in Resources */ = {isa = PBXBuildFile; fileRef = D0FC51341E9725DC0008E121 /* Main.storyboard */; };
		D0FC51381E9725DC0008E121 /* Assets.xcassets in Resources */ = {isa = PBXBuildFile; fileRef = D0FC51371E9725DC0008E121 /* Assets.xcassets */; };
		D0FC513B1E9725DC0008E121 /* LaunchScreen.storyboard in Resources */ = {isa = PBXBuildFile; fileRef = D0FC51391E9725DC0008E121 /* LaunchScreen.storyboard */; };
		D0FC51461E9725DC0008E121 /* ximituDemoTests.m in Sources */ = {isa = PBXBuildFile; fileRef = D0FC51451E9725DC0008E121 /* ximituDemoTests.m */; };
		D0FC51511E9725DC0008E121 /* ximituDemoUITests.m in Sources */ = {isa = PBXBuildFile; fileRef = D0FC51501E9725DC0008E121 /* ximituDemoUITests.m */; };
/* End PBXBuildFile section */

/* Begin PBXContainerItemProxy section */
		D0FC51421E9725DC0008E121 /* PBXContainerItemProxy */ = {
			isa = PBXContainerItemProxy;
			containerPortal = D0FC51201E9725DC0008E121 /* Project object */;
			proxyType = 1;
			remoteGlobalIDString = D0FC51271E9725DC0008E121;
			remoteInfo = ximituDemo;
		};
		D0FC514D1E9725DC0008E121 /* PBXContainerItemProxy */ = {
			isa = PBXContainerItemProxy;
			containerPortal = D0FC51201E9725DC0008E121 /* Project object */;
			proxyType = 1;
			remoteGlobalIDString = D0FC51271E9725DC0008E121;
			remoteInfo = ximituDemo;
		};
/* End PBXContainerItemProxy section */

/* Begin PBXFileReference section */
		65A453D833B2EDD15A740FF8 /* libPods-ximituDemo.a */ = {isa = PBXFileReference; explicitFileType = archive.ar; includeInIndex = 0; path = "libPods-ximituDemo.a"; sourceTree = BUILT_PRODUCTS_DIR; };
		ABFA6CE41A8D1F3E0F899180 /* Pods-ximituDemo.debug.xcconfig */ = {isa = PBXFileReference; includeInIndex = 1; lastKnownFileType = text.xcconfig; name = "Pods-ximituDemo.debug.xcconfig"; path = "Pods/Target Support Files/Pods-ximituDemo/Pods-ximituDemo.debug.xcconfig"; sourceTree = "<group>"; };
		B33D1239CA1C5B5C0600AAFC /* Pods-ximituDemo.release.xcconfig */ = {isa = PBXFileReference; includeInIndex = 1; lastKnownFileType = text.xcconfig; name = "Pods-ximituDemo.release.xcconfig"; path = "Pods/Target Support Files/Pods-ximituDemo/Pods-ximituDemo.release.xcconfig"; sourceTree = "<group>"; };
		D0523AE51E9CB40C001402CB /* FilterArray.h */ = {isa = PBXFileReference; fileEncoding = 4; lastKnownFileType = sourcecode.c.h; path = FilterArray.h; sourceTree = "<group>"; };
		D0523AE61E9CB40C001402CB /* FilterArray.m */ = {isa = PBXFileReference; fileEncoding = 4; lastKnownFileType = sourcecode.c.objc; path = FilterArray.m; sourceTree = "<group>"; };
		D0523AE71E9CB40C001402CB /* FilterChooseView.h */ = {isa = PBXFileReference; fileEncoding = 4; lastKnownFileType = sourcecode.c.h; path = FilterChooseView.h; sourceTree = "<group>"; };
		D0523AE81E9CB40C001402CB /* FilterChooseView.m */ = {isa = PBXFileReference; fileEncoding = 4; lastKnownFileType = sourcecode.c.objc; path = FilterChooseView.m; sourceTree = "<group>"; };
		D0523AED1E9CBCE3001402CB /* big@2x.png */ = {isa = PBXFileReference; lastKnownFileType = image.png; path = "big@2x.png"; sourceTree = "<group>"; };
		D0523AEE1E9CBCE3001402CB /* button_forward@2x.png */ = {isa = PBXFileReference; lastKnownFileType = image.png; path = "button_forward@2x.png"; sourceTree = "<group>"; };
		D0523AEF1E9CBCE3001402CB /* go_back@2x.png */ = {isa = PBXFileReference; lastKnownFileType = image.png; path = "go_back@2x.png"; sourceTree = "<group>"; };
		D0523AF01E9CBCE3001402CB /* icon_progress.png */ = {isa = PBXFileReference; lastKnownFileType = image.png; path = icon_progress.png; sourceTree = "<group>"; };
		D0523AF11E9CBCE3001402CB /* pause@2x.png */ = {isa = PBXFileReference; lastKnownFileType = image.png; path = "pause@2x.png"; sourceTree = "<group>"; };
		D0523AF21E9CBCE4001402CB /* play@2x.png */ = {isa = PBXFileReference; lastKnownFileType = image.png; path = "play@2x.png"; sourceTree = "<group>"; };
		D0523AF31E9CBCE4001402CB /* small@2x.png */ = {isa = PBXFileReference; lastKnownFileType = image.png; path = "small@2x.png"; sourceTree = "<group>"; };
		D0523AF41E9CBCE4001402CB /* XjAVPlayerSDK.h */ = {isa = PBXFileReference; fileEncoding = 4; lastKnownFileType = sourcecode.c.h; path = XjAVPlayerSDK.h; sourceTree = "<group>"; };
		D0523AF51E9CBCE4001402CB /* XjAVPlayerSDK.m */ = {isa = PBXFileReference; fileEncoding = 4; lastKnownFileType = sourcecode.c.objc; path = XjAVPlayerSDK.m; sourceTree = "<group>"; };
		D0523AF61E9CBCE4001402CB /* XJAVPlyer.h */ = {isa = PBXFileReference; fileEncoding = 4; lastKnownFileType = sourcecode.c.h; path = XJAVPlyer.h; sourceTree = "<group>"; };
		D0523AF71E9CBCE4001402CB /* XJAVPlyer.m */ = {isa = PBXFileReference; fileEncoding = 4; lastKnownFileType = sourcecode.c.objc; path = XJAVPlyer.m; sourceTree = "<group>"; };
		D0523AF81E9CBCE4001402CB /* XJBottomMenu.h */ = {isa = PBXFileReference; fileEncoding = 4; lastKnownFileType = sourcecode.c.h; path = XJBottomMenu.h; sourceTree = "<group>"; };
		D0523AF91E9CBCE4001402CB /* XJBottomMenu.m */ = {isa = PBXFileReference; fileEncoding = 4; lastKnownFileType = sourcecode.c.objc; path = XJBottomMenu.m; sourceTree = "<group>"; };
		D0523AFA1E9CBCE4001402CB /* XJTopMenu.h */ = {isa = PBXFileReference; fileEncoding = 4; lastKnownFileType = sourcecode.c.h; path = XJTopMenu.h; sourceTree = "<group>"; };
		D0523AFB1E9CBCE4001402CB /* XJTopMenu.m */ = {isa = PBXFileReference; fileEncoding = 4; lastKnownFileType = sourcecode.c.objc; path = XJTopMenu.m; sourceTree = "<group>"; };
		D0523AFD1E9CBCE4001402CB /* UIDevice+XJDevice.h */ = {isa = PBXFileReference; fileEncoding = 4; lastKnownFileType = sourcecode.c.h; path = "UIDevice+XJDevice.h"; sourceTree = "<group>"; };
		D0523AFE1E9CBCE4001402CB /* UIDevice+XJDevice.m */ = {isa = PBXFileReference; fileEncoding = 4; lastKnownFileType = sourcecode.c.objc; path = "UIDevice+XJDevice.m"; sourceTree = "<group>"; };
		D0523B001E9CBCE4001402CB /* XJGestureButton.h */ = {isa = PBXFileReference; fileEncoding = 4; lastKnownFileType = sourcecode.c.h; path = XJGestureButton.h; sourceTree = "<group>"; };
		D0523B011E9CBCE4001402CB /* XJGestureButton.m */ = {isa = PBXFileReference; fileEncoding = 4; lastKnownFileType = sourcecode.c.objc; path = XJGestureButton.m; sourceTree = "<group>"; };
		D0523B041E9CBCE4001402CB /* SCYLayerAddition.h */ = {isa = PBXFileReference; fileEncoding = 4; lastKnownFileType = sourcecode.c.h; path = SCYLayerAddition.h; sourceTree = "<group>"; };
		D0523B051E9CBCE4001402CB /* SCYLayerAddition.m */ = {isa = PBXFileReference; fileEncoding = 4; lastKnownFileType = sourcecode.c.objc; path = SCYLayerAddition.m; sourceTree = "<group>"; };
		D0523B061E9CBCE4001402CB /* UIView+SCYCategory..m */ = {isa = PBXFileReference; fileEncoding = 4; lastKnownFileType = sourcecode.c.objc; path = "UIView+SCYCategory..m"; sourceTree = "<group>"; };
		D0523B071E9CBCE4001402CB /* UIView+SCYCategory.h */ = {isa = PBXFileReference; fileEncoding = 4; lastKnownFileType = sourcecode.c.h; path = "UIView+SCYCategory.h"; sourceTree = "<group>"; };
		D0ECF7931E9726CE00EFDEFA /* CameraFilterVC.h */ = {isa = PBXFileReference; fileEncoding = 4; lastKnownFileType = sourcecode.c.h; path = CameraFilterVC.h; sourceTree = "<group>"; };
		D0ECF7941E9726CE00EFDEFA /* CameraFilterVC.m */ = {isa = PBXFileReference; fileEncoding = 4; lastKnownFileType = sourcecode.c.objc; path = CameraFilterVC.m; sourceTree = "<group>"; };
		D0ECF7961E9726DE00EFDEFA /* LocalVideoEditVC.h */ = {isa = PBXFileReference; fileEncoding = 4; lastKnownFileType = sourcecode.c.h; path = LocalVideoEditVC.h; sourceTree = "<group>"; };
		D0ECF7971E9726DE00EFDEFA /* LocalVideoEditVC.m */ = {isa = PBXFileReference; fileEncoding = 4; lastKnownFileType = sourcecode.c.objc; path = LocalVideoEditVC.m; sourceTree = "<group>"; };
		D0ECF7991E9726EC00EFDEFA /* GPUImageBeautifyFilter.h */ = {isa = PBXFileReference; fileEncoding = 4; lastKnownFileType = sourcecode.c.h; path = GPUImageBeautifyFilter.h; sourceTree = "<group>"; };
		D0ECF79A1E9726EC00EFDEFA /* GPUImageBeautifyFilter.m */ = {isa = PBXFileReference; fileEncoding = 4; lastKnownFileType = sourcecode.c.objc; path = GPUImageBeautifyFilter.m; sourceTree = "<group>"; };
		D0ECF79D1E97374900EFDEFA /* MBProgressHUD+MJ.h */ = {isa = PBXFileReference; fileEncoding = 4; lastKnownFileType = sourcecode.c.h; path = "MBProgressHUD+MJ.h"; sourceTree = "<group>"; };
		D0ECF79E1E97374900EFDEFA /* MBProgressHUD+MJ.m */ = {isa = PBXFileReference; fileEncoding = 4; lastKnownFileType = sourcecode.c.objc; path = "MBProgressHUD+MJ.m"; sourceTree = "<group>"; };
		D0ECF79F1E97374900EFDEFA /* MBProgressHUD.bundle */ = {isa = PBXFileReference; lastKnownFileType = "wrapper.plug-in"; path = MBProgressHUD.bundle; sourceTree = "<group>"; };
		D0ECF7A01E97374900EFDEFA /* MBProgressHUD.h */ = {isa = PBXFileReference; fileEncoding = 4; lastKnownFileType = sourcecode.c.h; path = MBProgressHUD.h; sourceTree = "<group>"; };
		D0ECF7A11E97374900EFDEFA /* MBProgressHUD.m */ = {isa = PBXFileReference; fileEncoding = 4; lastKnownFileType = sourcecode.c.objc; path = MBProgressHUD.m; sourceTree = "<group>"; };
		D0ECF7A51E97667500EFDEFA /* VideoClipVC.h */ = {isa = PBXFileReference; fileEncoding = 4; lastKnownFileType = sourcecode.c.h; path = VideoClipVC.h; sourceTree = "<group>"; };
		D0ECF7A61E97667500EFDEFA /* VideoClipVC.m */ = {isa = PBXFileReference; fileEncoding = 4; lastKnownFileType = sourcecode.c.objc; path = VideoClipVC.m; sourceTree = "<group>"; };
		D0ECF7A91E97688A00EFDEFA /* JLDoubleSlider.h */ = {isa = PBXFileReference; fileEncoding = 4; lastKnownFileType = sourcecode.c.h; path = JLDoubleSlider.h; sourceTree = "<group>"; };
		D0ECF7AA1E97688A00EFDEFA /* JLDoubleSlider.m */ = {isa = PBXFileReference; fileEncoding = 4; lastKnownFileType = sourcecode.c.objc; path = JLDoubleSlider.m; sourceTree = "<group>"; };
		D0ECF7AB1E97688A00EFDEFA /* UIView+Dimension.h */ = {isa = PBXFileReference; fileEncoding = 4; lastKnownFileType = sourcecode.c.h; path = "UIView+Dimension.h"; sourceTree = "<group>"; };
		D0ECF7AC1E97688A00EFDEFA /* UIView+Dimension.m */ = {isa = PBXFileReference; fileEncoding = 4; lastKnownFileType = sourcecode.c.objc; path = "UIView+Dimension.m"; sourceTree = "<group>"; };
		D0ECF7AF1E977FEE00EFDEFA /* MediaPlayer.framework */ = {isa = PBXFileReference; lastKnownFileType = wrapper.framework; name = MediaPlayer.framework; path = System/Library/Frameworks/MediaPlayer.framework; sourceTree = SDKROOT; };
		D0FC51281E9725DC0008E121 /* ximituDemo.app */ = {isa = PBXFileReference; explicitFileType = wrapper.application; includeInIndex = 0; path = ximituDemo.app; sourceTree = BUILT_PRODUCTS_DIR; };
		D0FC512C1E9725DC0008E121 /* main.m */ = {isa = PBXFileReference; lastKnownFileType = sourcecode.c.objc; path = main.m; sourceTree = "<group>"; };
		D0FC512E1E9725DC0008E121 /* AppDelegate.h */ = {isa = PBXFileReference; lastKnownFileType = sourcecode.c.h; path = AppDelegate.h; sourceTree = "<group>"; };
		D0FC512F1E9725DC0008E121 /* AppDelegate.m */ = {isa = PBXFileReference; lastKnownFileType = sourcecode.c.objc; path = AppDelegate.m; sourceTree = "<group>"; };
		D0FC51311E9725DC0008E121 /* ViewController.h */ = {isa = PBXFileReference; lastKnownFileType = sourcecode.c.h; path = ViewController.h; sourceTree = "<group>"; };
		D0FC51321E9725DC0008E121 /* ViewController.m */ = {isa = PBXFileReference; lastKnownFileType = sourcecode.c.objc; path = ViewController.m; sourceTree = "<group>"; };
		D0FC51351E9725DC0008E121 /* Base */ = {isa = PBXFileReference; lastKnownFileType = file.storyboard; name = Base; path = Base.lproj/Main.storyboard; sourceTree = "<group>"; };
		D0FC51371E9725DC0008E121 /* Assets.xcassets */ = {isa = PBXFileReference; lastKnownFileType = folder.assetcatalog; path = Assets.xcassets; sourceTree = "<group>"; };
		D0FC513A1E9725DC0008E121 /* Base */ = {isa = PBXFileReference; lastKnownFileType = file.storyboard; name = Base; path = Base.lproj/LaunchScreen.storyboard; sourceTree = "<group>"; };
		D0FC513C1E9725DC0008E121 /* Info.plist */ = {isa = PBXFileReference; lastKnownFileType = text.plist.xml; path = Info.plist; sourceTree = "<group>"; };
		D0FC51411E9725DC0008E121 /* ximituDemoTests.xctest */ = {isa = PBXFileReference; explicitFileType = wrapper.cfbundle; includeInIndex = 0; path = ximituDemoTests.xctest; sourceTree = BUILT_PRODUCTS_DIR; };
		D0FC51451E9725DC0008E121 /* ximituDemoTests.m */ = {isa = PBXFileReference; lastKnownFileType = sourcecode.c.objc; path = ximituDemoTests.m; sourceTree = "<group>"; };
		D0FC51471E9725DC0008E121 /* Info.plist */ = {isa = PBXFileReference; lastKnownFileType = text.plist.xml; path = Info.plist; sourceTree = "<group>"; };
		D0FC514C1E9725DC0008E121 /* ximituDemoUITests.xctest */ = {isa = PBXFileReference; explicitFileType = wrapper.cfbundle; includeInIndex = 0; path = ximituDemoUITests.xctest; sourceTree = BUILT_PRODUCTS_DIR; };
		D0FC51501E9725DC0008E121 /* ximituDemoUITests.m */ = {isa = PBXFileReference; lastKnownFileType = sourcecode.c.objc; path = ximituDemoUITests.m; sourceTree = "<group>"; };
		D0FC51521E9725DC0008E121 /* Info.plist */ = {isa = PBXFileReference; lastKnownFileType = text.plist.xml; path = Info.plist; sourceTree = "<group>"; };
/* End PBXFileReference section */

/* Begin PBXFrameworksBuildPhase section */
		D0FC51251E9725DC0008E121 /* Frameworks */ = {
			isa = PBXFrameworksBuildPhase;
			buildActionMask = 2147483647;
			files = (
				D0ECF7B01E977FEE00EFDEFA /* MediaPlayer.framework in Frameworks */,
				C091358BEE36D6EB78CBEFDA /* libPods-ximituDemo.a in Frameworks */,
			);
			runOnlyForDeploymentPostprocessing = 0;
		};
		D0FC513E1E9725DC0008E121 /* Frameworks */ = {
			isa = PBXFrameworksBuildPhase;
			buildActionMask = 2147483647;
			files = (
			);
			runOnlyForDeploymentPostprocessing = 0;
		};
		D0FC51491E9725DC0008E121 /* Frameworks */ = {
			isa = PBXFrameworksBuildPhase;
			buildActionMask = 2147483647;
			files = (
			);
			runOnlyForDeploymentPostprocessing = 0;
		};
/* End PBXFrameworksBuildPhase section */

/* Begin PBXGroup section */
		2EB4F49250B116C437E3D33C /* Pods */ = {
			isa = PBXGroup;
			children = (
				ABFA6CE41A8D1F3E0F899180 /* Pods-ximituDemo.debug.xcconfig */,
				B33D1239CA1C5B5C0600AAFC /* Pods-ximituDemo.release.xcconfig */,
			);
			name = Pods;
			sourceTree = "<group>";
		};
		77E8E34CBFBD4A1F8BF262AB /* Frameworks */ = {
			isa = PBXGroup;
			children = (
				D0ECF7AF1E977FEE00EFDEFA /* MediaPlayer.framework */,
				65A453D833B2EDD15A740FF8 /* libPods-ximituDemo.a */,
			);
			name = Frameworks;
			sourceTree = "<group>";
		};
		D0523AEB1E9CBCE3001402CB /* XJAVPlayer */ = {
			isa = PBXGroup;
			children = (
				D0523AEC1E9CBCE3001402CB /* icon */,
				D0523AF41E9CBCE4001402CB /* XjAVPlayerSDK.h */,
				D0523AF51E9CBCE4001402CB /* XjAVPlayerSDK.m */,
				D0523AF61E9CBCE4001402CB /* XJAVPlyer.h */,
				D0523AF71E9CBCE4001402CB /* XJAVPlyer.m */,
				D0523AF81E9CBCE4001402CB /* XJBottomMenu.h */,
				D0523AF91E9CBCE4001402CB /* XJBottomMenu.m */,
				D0523AFA1E9CBCE4001402CB /* XJTopMenu.h */,
				D0523AFB1E9CBCE4001402CB /* XJTopMenu.m */,
				D0523AFC1E9CBCE4001402CB /* 强制旋转 */,
				D0523AFF1E9CBCE4001402CB /* 手势事件 */,
				D0523B021E9CBCE4001402CB /* 视屏缓存 */,
				D0523B031E9CBCE4001402CB /* 适配 */,
			);
			path = XJAVPlayer;
			sourceTree = "<group>";
		};
		D0523AEC1E9CBCE3001402CB /* icon */ = {
			isa = PBXGroup;
			children = (
				D0523AED1E9CBCE3001402CB /* big@2x.png */,
				D0523AEE1E9CBCE3001402CB /* button_forward@2x.png */,
				D0523AEF1E9CBCE3001402CB /* go_back@2x.png */,
				D0523AF01E9CBCE3001402CB /* icon_progress.png */,
				D0523AF11E9CBCE3001402CB /* pause@2x.png */,
				D0523AF21E9CBCE4001402CB /* play@2x.png */,
				D0523AF31E9CBCE4001402CB /* small@2x.png */,
			);
			path = icon;
			sourceTree = "<group>";
		};
		D0523AFC1E9CBCE4001402CB /* 强制旋转 */ = {
			isa = PBXGroup;
			children = (
				D0523AFD1E9CBCE4001402CB /* UIDevice+XJDevice.h */,
				D0523AFE1E9CBCE4001402CB /* UIDevice+XJDevice.m */,
			);
			path = "强制旋转";
			sourceTree = "<group>";
		};
		D0523AFF1E9CBCE4001402CB /* 手势事件 */ = {
			isa = PBXGroup;
			children = (
				D0523B001E9CBCE4001402CB /* XJGestureButton.h */,
				D0523B011E9CBCE4001402CB /* XJGestureButton.m */,
			);
			path = "手势事件";
			sourceTree = "<group>";
		};
		D0523B021E9CBCE4001402CB /* 视屏缓存 */ = {
			isa = PBXGroup;
			children = (
			);
			path = "视屏缓存";
			sourceTree = "<group>";
		};
		D0523B031E9CBCE4001402CB /* 适配 */ = {
			isa = PBXGroup;
			children = (
				D0523B041E9CBCE4001402CB /* SCYLayerAddition.h */,
				D0523B051E9CBCE4001402CB /* SCYLayerAddition.m */,
				D0523B061E9CBCE4001402CB /* UIView+SCYCategory..m */,
				D0523B071E9CBCE4001402CB /* UIView+SCYCategory.h */,
			);
			path = "适配";
			sourceTree = "<group>";
		};
		D0ECF79C1E97374900EFDEFA /* MBProgressHUD */ = {
			isa = PBXGroup;
			children = (
				D0ECF79D1E97374900EFDEFA /* MBProgressHUD+MJ.h */,
				D0ECF79E1E97374900EFDEFA /* MBProgressHUD+MJ.m */,
				D0ECF79F1E97374900EFDEFA /* MBProgressHUD.bundle */,
				D0ECF7A01E97374900EFDEFA /* MBProgressHUD.h */,
				D0ECF7A11E97374900EFDEFA /* MBProgressHUD.m */,
			);
			path = MBProgressHUD;
			sourceTree = "<group>";
		};
		D0ECF7A81E97688A00EFDEFA /* JLDoubleSlider */ = {
			isa = PBXGroup;
			children = (
				D0ECF7A91E97688A00EFDEFA /* JLDoubleSlider.h */,
				D0ECF7AA1E97688A00EFDEFA /* JLDoubleSlider.m */,
				D0ECF7AB1E97688A00EFDEFA /* UIView+Dimension.h */,
				D0ECF7AC1E97688A00EFDEFA /* UIView+Dimension.m */,
			);
			path = JLDoubleSlider;
			sourceTree = "<group>";
		};
		D0FC511F1E9725DC0008E121 = {
			isa = PBXGroup;
			children = (
				D0FC512A1E9725DC0008E121 /* ximituDemo */,
				D0FC51441E9725DC0008E121 /* ximituDemoTests */,
				D0FC514F1E9725DC0008E121 /* ximituDemoUITests */,
				D0FC51291E9725DC0008E121 /* Products */,
				2EB4F49250B116C437E3D33C /* Pods */,
				77E8E34CBFBD4A1F8BF262AB /* Frameworks */,
			);
			sourceTree = "<group>";
		};
		D0FC51291E9725DC0008E121 /* Products */ = {
			isa = PBXGroup;
			children = (
				D0FC51281E9725DC0008E121 /* ximituDemo.app */,
				D0FC51411E9725DC0008E121 /* ximituDemoTests.xctest */,
				D0FC514C1E9725DC0008E121 /* ximituDemoUITests.xctest */,
			);
			name = Products;
			sourceTree = "<group>";
		};
		D0FC512A1E9725DC0008E121 /* ximituDemo */ = {
			isa = PBXGroup;
			children = (
				D0523AEB1E9CBCE3001402CB /* XJAVPlayer */,
				D0ECF7A81E97688A00EFDEFA /* JLDoubleSlider */,
				D0ECF79C1E97374900EFDEFA /* MBProgressHUD */,
				D0FC512E1E9725DC0008E121 /* AppDelegate.h */,
				D0FC512F1E9725DC0008E121 /* AppDelegate.m */,
				D0FC51311E9725DC0008E121 /* ViewController.h */,
				D0FC51321E9725DC0008E121 /* ViewController.m */,
				D0ECF7931E9726CE00EFDEFA /* CameraFilterVC.h */,
				D0ECF7941E9726CE00EFDEFA /* CameraFilterVC.m */,
				D0ECF7961E9726DE00EFDEFA /* LocalVideoEditVC.h */,
				D0ECF7971E9726DE00EFDEFA /* LocalVideoEditVC.m */,
				D0ECF7991E9726EC00EFDEFA /* GPUImageBeautifyFilter.h */,
				D0ECF79A1E9726EC00EFDEFA /* GPUImageBeautifyFilter.m */,
				D0523AE51E9CB40C001402CB /* FilterArray.h */,
				D0523AE61E9CB40C001402CB /* FilterArray.m */,
				D0523AE71E9CB40C001402CB /* FilterChooseView.h */,
				D0523AE81E9CB40C001402CB /* FilterChooseView.m */,
				D0ECF7A51E97667500EFDEFA /* VideoClipVC.h */,
				D0ECF7A61E97667500EFDEFA /* VideoClipVC.m */,
				D0FC51341E9725DC0008E121 /* Main.storyboard */,
				D0FC51371E9725DC0008E121 /* Assets.xcassets */,
				D0FC51391E9725DC0008E121 /* LaunchScreen.storyboard */,
				D0FC513C1E9725DC0008E121 /* Info.plist */,
				D0FC512B1E9725DC0008E121 /* Supporting Files */,
			);
			path = ximituDemo;
			sourceTree = "<group>";
		};
		D0FC512B1E9725DC0008E121 /* Supporting Files */ = {
			isa = PBXGroup;
			children = (
				D0FC512C1E9725DC0008E121 /* main.m */,
			);
			name = "Supporting Files";
			sourceTree = "<group>";
		};
		D0FC51441E9725DC0008E121 /* ximituDemoTests */ = {
			isa = PBXGroup;
			children = (
				D0FC51451E9725DC0008E121 /* ximituDemoTests.m */,
				D0FC51471E9725DC0008E121 /* Info.plist */,
			);
			path = ximituDemoTests;
			sourceTree = "<group>";
		};
		D0FC514F1E9725DC0008E121 /* ximituDemoUITests */ = {
			isa = PBXGroup;
			children = (
				D0FC51501E9725DC0008E121 /* ximituDemoUITests.m */,
				D0FC51521E9725DC0008E121 /* Info.plist */,
			);
			path = ximituDemoUITests;
			sourceTree = "<group>";
		};
/* End PBXGroup section */

/* Begin PBXNativeTarget section */
		D0FC51271E9725DC0008E121 /* ximituDemo */ = {
			isa = PBXNativeTarget;
			buildConfigurationList = D0FC51551E9725DC0008E121 /* Build configuration list for PBXNativeTarget "ximituDemo" */;
			buildPhases = (
				059A5647ADBFD6E5ED790067 /* [CP] Check Pods Manifest.lock */,
				D0FC51241E9725DC0008E121 /* Sources */,
				D0FC51251E9725DC0008E121 /* Frameworks */,
				D0FC51261E9725DC0008E121 /* Resources */,
				5D5A4FBC903EB441E6830309 /* [CP] Embed Pods Frameworks */,
				6C81D2635104F5C59C601ED4 /* [CP] Copy Pods Resources */,
			);
			buildRules = (
			);
			dependencies = (
			);
			name = ximituDemo;
			productName = ximituDemo;
			productReference = D0FC51281E9725DC0008E121 /* ximituDemo.app */;
			productType = "com.apple.product-type.application";
		};
		D0FC51401E9725DC0008E121 /* ximituDemoTests */ = {
			isa = PBXNativeTarget;
			buildConfigurationList = D0FC51581E9725DC0008E121 /* Build configuration list for PBXNativeTarget "ximituDemoTests" */;
			buildPhases = (
				D0FC513D1E9725DC0008E121 /* Sources */,
				D0FC513E1E9725DC0008E121 /* Frameworks */,
				D0FC513F1E9725DC0008E121 /* Resources */,
			);
			buildRules = (
			);
			dependencies = (
				D0FC51431E9725DC0008E121 /* PBXTargetDependency */,
			);
			name = ximituDemoTests;
			productName = ximituDemoTests;
			productReference = D0FC51411E9725DC0008E121 /* ximituDemoTests.xctest */;
			productType = "com.apple.product-type.bundle.unit-test";
		};
		D0FC514B1E9725DC0008E121 /* ximituDemoUITests */ = {
			isa = PBXNativeTarget;
			buildConfigurationList = D0FC515B1E9725DC0008E121 /* Build configuration list for PBXNativeTarget "ximituDemoUITests" */;
			buildPhases = (
				D0FC51481E9725DC0008E121 /* Sources */,
				D0FC51491E9725DC0008E121 /* Frameworks */,
				D0FC514A1E9725DC0008E121 /* Resources */,
			);
			buildRules = (
			);
			dependencies = (
				D0FC514E1E9725DC0008E121 /* PBXTargetDependency */,
			);
			name = ximituDemoUITests;
			productName = ximituDemoUITests;
			productReference = D0FC514C1E9725DC0008E121 /* ximituDemoUITests.xctest */;
			productType = "com.apple.product-type.bundle.ui-testing";
		};
/* End PBXNativeTarget section */

/* Begin PBXProject section */
		D0FC51201E9725DC0008E121 /* Project object */ = {
			isa = PBXProject;
			attributes = {
				LastUpgradeCheck = 0830;
				ORGANIZATIONNAME = Zerdoor;
				TargetAttributes = {
					D0FC51271E9725DC0008E121 = {
						CreatedOnToolsVersion = 8.3;
						DevelopmentTeam = K382N27379;
						ProvisioningStyle = Automatic;
					};
					D0FC51401E9725DC0008E121 = {
						CreatedOnToolsVersion = 8.3;
						DevelopmentTeam = K382N27379;
						ProvisioningStyle = Automatic;
						TestTargetID = D0FC51271E9725DC0008E121;
					};
					D0FC514B1E9725DC0008E121 = {
						CreatedOnToolsVersion = 8.3;
						DevelopmentTeam = K382N27379;
						ProvisioningStyle = Automatic;
						TestTargetID = D0FC51271E9725DC0008E121;
					};
				};
			};
			buildConfigurationList = D0FC51231E9725DC0008E121 /* Build configuration list for PBXProject "ximituDemo" */;
			compatibilityVersion = "Xcode 3.2";
			developmentRegion = English;
			hasScannedForEncodings = 0;
			knownRegions = (
				en,
				Base,
			);
			mainGroup = D0FC511F1E9725DC0008E121;
			productRefGroup = D0FC51291E9725DC0008E121 /* Products */;
			projectDirPath = "";
			projectRoot = "";
			targets = (
				D0FC51271E9725DC0008E121 /* ximituDemo */,
				D0FC51401E9725DC0008E121 /* ximituDemoTests */,
				D0FC514B1E9725DC0008E121 /* ximituDemoUITests */,
			);
		};
/* End PBXProject section */

/* Begin PBXResourcesBuildPhase section */
		D0FC51261E9725DC0008E121 /* Resources */ = {
			isa = PBXResourcesBuildPhase;
			buildActionMask = 2147483647;
			files = (
				D0523B0D1E9CBCE4001402CB /* play@2x.png in Resources */,
				D0523B091E9CBCE4001402CB /* button_forward@2x.png in Resources */,
				D0523B0B1E9CBCE4001402CB /* icon_progress.png in Resources */,
				D0FC513B1E9725DC0008E121 /* LaunchScreen.storyboard in Resources */,
				D0ECF7A31E97374900EFDEFA /* MBProgressHUD.bundle in Resources */,
				D0523B0E1E9CBCE4001402CB /* small@2x.png in Resources */,
				D0523B0C1E9CBCE4001402CB /* pause@2x.png in Resources */,
				D0523B0A1E9CBCE4001402CB /* go_back@2x.png in Resources */,
				D0FC51381E9725DC0008E121 /* Assets.xcassets in Resources */,
				D0523B081E9CBCE4001402CB /* big@2x.png in Resources */,
				D0FC51361E9725DC0008E121 /* Main.storyboard in Resources */,
			);
			runOnlyForDeploymentPostprocessing = 0;
		};
		D0FC513F1E9725DC0008E121 /* Resources */ = {
			isa = PBXResourcesBuildPhase;
			buildActionMask = 2147483647;
			files = (
			);
			runOnlyForDeploymentPostprocessing = 0;
		};
		D0FC514A1E9725DC0008E121 /* Resources */ = {
			isa = PBXResourcesBuildPhase;
			buildActionMask = 2147483647;
			files = (
			);
			runOnlyForDeploymentPostprocessing = 0;
		};
/* End PBXResourcesBuildPhase section */

/* Begin PBXShellScriptBuildPhase section */
		059A5647ADBFD6E5ED790067 /* [CP] Check Pods Manifest.lock */ = {
			isa = PBXShellScriptBuildPhase;
			buildActionMask = 2147483647;
			files = (
			);
			inputPaths = (
			);
			name = "[CP] Check Pods Manifest.lock";
			outputPaths = (
			);
			runOnlyForDeploymentPostprocessing = 0;
			shellPath = /bin/sh;
			shellScript = "diff \"${PODS_ROOT}/../Podfile.lock\" \"${PODS_ROOT}/Manifest.lock\" > /dev/null\nif [ $? != 0 ] ; then\n    # print error to STDERR\n    echo \"error: The sandbox is not in sync with the Podfile.lock. Run 'pod install' or update your CocoaPods installation.\" >&2\n    exit 1\nfi\n";
			showEnvVarsInLog = 0;
		};
		5D5A4FBC903EB441E6830309 /* [CP] Embed Pods Frameworks */ = {
			isa = PBXShellScriptBuildPhase;
			buildActionMask = 2147483647;
			files = (
			);
			inputPaths = (
			);
			name = "[CP] Embed Pods Frameworks";
			outputPaths = (
			);
			runOnlyForDeploymentPostprocessing = 0;
			shellPath = /bin/sh;
			shellScript = "\"${SRCROOT}/Pods/Target Support Files/Pods-ximituDemo/Pods-ximituDemo-frameworks.sh\"\n";
			showEnvVarsInLog = 0;
		};
		6C81D2635104F5C59C601ED4 /* [CP] Copy Pods Resources */ = {
			isa = PBXShellScriptBuildPhase;
			buildActionMask = 2147483647;
			files = (
			);
			inputPaths = (
			);
			name = "[CP] Copy Pods Resources";
			outputPaths = (
			);
			runOnlyForDeploymentPostprocessing = 0;
			shellPath = /bin/sh;
			shellScript = "\"${SRCROOT}/Pods/Target Support Files/Pods-ximituDemo/Pods-ximituDemo-resources.sh\"\n";
			showEnvVarsInLog = 0;
		};
/* End PBXShellScriptBuildPhase section */

/* Begin PBXSourcesBuildPhase section */
		D0FC51241E9725DC0008E121 /* Sources */ = {
			isa = PBXSourcesBuildPhase;
			buildActionMask = 2147483647;
			files = (
				D0523AEA1E9CB40C001402CB /* FilterChooseView.m in Sources */,
				D0ECF7A71E97667500EFDEFA /* VideoClipVC.m in Sources */,
				D0523B101E9CBCE4001402CB /* XJAVPlyer.m in Sources */,
				D0ECF7AD1E97688A00EFDEFA /* JLDoubleSlider.m in Sources */,
				D0ECF7981E9726DF00EFDEFA /* LocalVideoEditVC.m in Sources */,
				D0523B151E9CBCE4001402CB /* SCYLayerAddition.m in Sources */,
				D0523B131E9CBCE4001402CB /* UIDevice+XJDevice.m in Sources */,
				D0523B111E9CBCE4001402CB /* XJBottomMenu.m in Sources */,
				D0FC51331E9725DC0008E121 /* ViewController.m in Sources */,
				D0FC51301E9725DC0008E121 /* AppDelegate.m in Sources */,
				D0ECF79B1E9726EC00EFDEFA /* GPUImageBeautifyFilter.m in Sources */,
				D0ECF7A21E97374900EFDEFA /* MBProgressHUD+MJ.m in Sources */,
				D0523B0F1E9CBCE4001402CB /* XjAVPlayerSDK.m in Sources */,
				D0ECF7AE1E97688A00EFDEFA /* UIView+Dimension.m in Sources */,
				D0FC512D1E9725DC0008E121 /* main.m in Sources */,
				D0523B161E9CBCE4001402CB /* UIView+SCYCategory..m in Sources */,
				D0523B141E9CBCE4001402CB /* XJGestureButton.m in Sources */,
				D0523AE91E9CB40C001402CB /* FilterArray.m in Sources */,
				D0523B121E9CBCE4001402CB /* XJTopMenu.m in Sources */,
				D0ECF7951E9726CE00EFDEFA /* CameraFilterVC.m in Sources */,
				D0ECF7A41E97374900EFDEFA /* MBProgressHUD.m in Sources */,
			);
			runOnlyForDeploymentPostprocessing = 0;
		};
		D0FC513D1E9725DC0008E121 /* Sources */ = {
			isa = PBXSourcesBuildPhase;
			buildActionMask = 2147483647;
			files = (
				D0FC51461E9725DC0008E121 /* ximituDemoTests.m in Sources */,
			);
			runOnlyForDeploymentPostprocessing = 0;
		};
		D0FC51481E9725DC0008E121 /* Sources */ = {
			isa = PBXSourcesBuildPhase;
			buildActionMask = 2147483647;
			files = (
				D0FC51511E9725DC0008E121 /* ximituDemoUITests.m in Sources */,
			);
			runOnlyForDeploymentPostprocessing = 0;
		};
/* End PBXSourcesBuildPhase section */

/* Begin PBXTargetDependency section */
		D0FC51431E9725DC0008E121 /* PBXTargetDependency */ = {
			isa = PBXTargetDependency;
			target = D0FC51271E9725DC0008E121 /* ximituDemo */;
			targetProxy = D0FC51421E9725DC0008E121 /* PBXContainerItemProxy */;
		};
		D0FC514E1E9725DC0008E121 /* PBXTargetDependency */ = {
			isa = PBXTargetDependency;
			target = D0FC51271E9725DC0008E121 /* ximituDemo */;
			targetProxy = D0FC514D1E9725DC0008E121 /* PBXContainerItemProxy */;
		};
/* End PBXTargetDependency section */

/* Begin PBXVariantGroup section */
		D0FC51341E9725DC0008E121 /* Main.storyboard */ = {
			isa = PBXVariantGroup;
			children = (
				D0FC51351E9725DC0008E121 /* Base */,
			);
			name = Main.storyboard;
			sourceTree = "<group>";
		};
		D0FC51391E9725DC0008E121 /* LaunchScreen.storyboard */ = {
			isa = PBXVariantGroup;
			children = (
				D0FC513A1E9725DC0008E121 /* Base */,
			);
			name = LaunchScreen.storyboard;
			sourceTree = "<group>";
		};
/* End PBXVariantGroup section */

/* Begin XCBuildConfiguration section */
		D0FC51531E9725DC0008E121 /* Debug */ = {
			isa = XCBuildConfiguration;
			buildSettings = {
				ALWAYS_SEARCH_USER_PATHS = NO;
				CLANG_ANALYZER_NONNULL = YES;
				CLANG_ANALYZER_NUMBER_OBJECT_CONVERSION = YES_AGGRESSIVE;
				CLANG_CXX_LANGUAGE_STANDARD = "gnu++0x";
				CLANG_CXX_LIBRARY = "libc++";
				CLANG_ENABLE_MODULES = YES;
				CLANG_ENABLE_OBJC_ARC = YES;
				CLANG_WARN_BOOL_CONVERSION = YES;
				CLANG_WARN_CONSTANT_CONVERSION = YES;
				CLANG_WARN_DIRECT_OBJC_ISA_USAGE = YES_ERROR;
				CLANG_WARN_DOCUMENTATION_COMMENTS = YES;
				CLANG_WARN_EMPTY_BODY = YES;
				CLANG_WARN_ENUM_CONVERSION = YES;
				CLANG_WARN_INFINITE_RECURSION = YES;
				CLANG_WARN_INT_CONVERSION = YES;
				CLANG_WARN_OBJC_ROOT_CLASS = YES_ERROR;
				CLANG_WARN_SUSPICIOUS_MOVE = YES;
				CLANG_WARN_UNREACHABLE_CODE = YES;
				CLANG_WARN__DUPLICATE_METHOD_MATCH = YES;
				"CODE_SIGN_IDENTITY[sdk=iphoneos*]" = "iPhone Developer";
				COPY_PHASE_STRIP = NO;
				DEBUG_INFORMATION_FORMAT = dwarf;
				ENABLE_STRICT_OBJC_MSGSEND = YES;
				ENABLE_TESTABILITY = YES;
				GCC_C_LANGUAGE_STANDARD = gnu99;
				GCC_DYNAMIC_NO_PIC = NO;
				GCC_NO_COMMON_BLOCKS = YES;
				GCC_OPTIMIZATION_LEVEL = 0;
				GCC_PREPROCESSOR_DEFINITIONS = (
					"DEBUG=1",
					"$(inherited)",
				);
				GCC_WARN_64_TO_32_BIT_CONVERSION = YES;
				GCC_WARN_ABOUT_RETURN_TYPE = YES_ERROR;
				GCC_WARN_UNDECLARED_SELECTOR = YES;
				GCC_WARN_UNINITIALIZED_AUTOS = YES_AGGRESSIVE;
				GCC_WARN_UNUSED_FUNCTION = YES;
				GCC_WARN_UNUSED_VARIABLE = YES;
				IPHONEOS_DEPLOYMENT_TARGET = 10.3;
				MTL_ENABLE_DEBUG_INFO = YES;
				ONLY_ACTIVE_ARCH = YES;
				SDKROOT = iphoneos;
			};
			name = Debug;
		};
		D0FC51541E9725DC0008E121 /* Release */ = {
			isa = XCBuildConfiguration;
			buildSettings = {
				ALWAYS_SEARCH_USER_PATHS = NO;
				CLANG_ANALYZER_NONNULL = YES;
				CLANG_ANALYZER_NUMBER_OBJECT_CONVERSION = YES_AGGRESSIVE;
				CLANG_CXX_LANGUAGE_STANDARD = "gnu++0x";
				CLANG_CXX_LIBRARY = "libc++";
				CLANG_ENABLE_MODULES = YES;
				CLANG_ENABLE_OBJC_ARC = YES;
				CLANG_WARN_BOOL_CONVERSION = YES;
				CLANG_WARN_CONSTANT_CONVERSION = YES;
				CLANG_WARN_DIRECT_OBJC_ISA_USAGE = YES_ERROR;
				CLANG_WARN_DOCUMENTATION_COMMENTS = YES;
				CLANG_WARN_EMPTY_BODY = YES;
				CLANG_WARN_ENUM_CONVERSION = YES;
				CLANG_WARN_INFINITE_RECURSION = YES;
				CLANG_WARN_INT_CONVERSION = YES;
				CLANG_WARN_OBJC_ROOT_CLASS = YES_ERROR;
				CLANG_WARN_SUSPICIOUS_MOVE = YES;
				CLANG_WARN_UNREACHABLE_CODE = YES;
				CLANG_WARN__DUPLICATE_METHOD_MATCH = YES;
				"CODE_SIGN_IDENTITY[sdk=iphoneos*]" = "iPhone Developer";
				COPY_PHASE_STRIP = NO;
				DEBUG_INFORMATION_FORMAT = "dwarf-with-dsym";
				ENABLE_NS_ASSERTIONS = NO;
				ENABLE_STRICT_OBJC_MSGSEND = YES;
				GCC_C_LANGUAGE_STANDARD = gnu99;
				GCC_NO_COMMON_BLOCKS = YES;
				GCC_WARN_64_TO_32_BIT_CONVERSION = YES;
				GCC_WARN_ABOUT_RETURN_TYPE = YES_ERROR;
				GCC_WARN_UNDECLARED_SELECTOR = YES;
				GCC_WARN_UNINITIALIZED_AUTOS = YES_AGGRESSIVE;
				GCC_WARN_UNUSED_FUNCTION = YES;
				GCC_WARN_UNUSED_VARIABLE = YES;
				IPHONEOS_DEPLOYMENT_TARGET = 10.3;
				MTL_ENABLE_DEBUG_INFO = NO;
				SDKROOT = iphoneos;
				VALIDATE_PRODUCT = YES;
			};
			name = Release;
		};
		D0FC51561E9725DC0008E121 /* Debug */ = {
			isa = XCBuildConfiguration;
			baseConfigurationReference = ABFA6CE41A8D1F3E0F899180 /* Pods-ximituDemo.debug.xcconfig */;
			buildSettings = {
				ASSETCATALOG_COMPILER_APPICON_NAME = AppIcon;
				DEVELOPMENT_TEAM = K382N27379;
				INFOPLIST_FILE = ximituDemo/Info.plist;
				IPHONEOS_DEPLOYMENT_TARGET = 8.0;
				LD_RUNPATH_SEARCH_PATHS = "$(inherited) @executable_path/Frameworks";
				PRODUCT_BUNDLE_IDENTIFIER = com.tio.study.ximituDemo;
				PRODUCT_NAME = "$(TARGET_NAME)";
			};
			name = Debug;
		};
		D0FC51571E9725DC0008E121 /* Release */ = {
			isa = XCBuildConfiguration;
			baseConfigurationReference = B33D1239CA1C5B5C0600AAFC /* Pods-ximituDemo.release.xcconfig */;
			buildSettings = {
				ASSETCATALOG_COMPILER_APPICON_NAME = AppIcon;
				DEVELOPMENT_TEAM = K382N27379;
				INFOPLIST_FILE = ximituDemo/Info.plist;
				IPHONEOS_DEPLOYMENT_TARGET = 8.0;
				LD_RUNPATH_SEARCH_PATHS = "$(inherited) @executable_path/Frameworks";
				PRODUCT_BUNDLE_IDENTIFIER = com.tio.study.ximituDemo;
				PRODUCT_NAME = "$(TARGET_NAME)";
			};
			name = Release;
		};
		D0FC51591E9725DC0008E121 /* Debug */ = {
			isa = XCBuildConfiguration;
			buildSettings = {
				BUNDLE_LOADER = "$(TEST_HOST)";
				DEVELOPMENT_TEAM = K382N27379;
				INFOPLIST_FILE = ximituDemoTests/Info.plist;
				LD_RUNPATH_SEARCH_PATHS = "$(inherited) @executable_path/Frameworks @loader_path/Frameworks";
				PRODUCT_BUNDLE_IDENTIFIER = com.tio.study.ximituDemoTests;
				PRODUCT_NAME = "$(TARGET_NAME)";
				TEST_HOST = "$(BUILT_PRODUCTS_DIR)/ximituDemo.app/ximituDemo";
			};
			name = Debug;
		};
		D0FC515A1E9725DC0008E121 /* Release */ = {
			isa = XCBuildConfiguration;
			buildSettings = {
				BUNDLE_LOADER = "$(TEST_HOST)";
				DEVELOPMENT_TEAM = K382N27379;
				INFOPLIST_FILE = ximituDemoTests/Info.plist;
				LD_RUNPATH_SEARCH_PATHS = "$(inherited) @executable_path/Frameworks @loader_path/Frameworks";
				PRODUCT_BUNDLE_IDENTIFIER = com.tio.study.ximituDemoTests;
				PRODUCT_NAME = "$(TARGET_NAME)";
				TEST_HOST = "$(BUILT_PRODUCTS_DIR)/ximituDemo.app/ximituDemo";
			};
			name = Release;
		};
		D0FC515C1E9725DC0008E121 /* Debug */ = {
			isa = XCBuildConfiguration;
			buildSettings = {
				DEVELOPMENT_TEAM = K382N27379;
				INFOPLIST_FILE = ximituDemoUITests/Info.plist;
				LD_RUNPATH_SEARCH_PATHS = "$(inherited) @executable_path/Frameworks @loader_path/Frameworks";
				PRODUCT_BUNDLE_IDENTIFIER = com.tio.study.ximituDemoUITests;
				PRODUCT_NAME = "$(TARGET_NAME)";
				TEST_TARGET_NAME = ximituDemo;
			};
			name = Debug;
		};
		D0FC515D1E9725DC0008E121 /* Release */ = {
			isa = XCBuildConfiguration;
			buildSettings = {
				DEVELOPMENT_TEAM = K382N27379;
				INFOPLIST_FILE = ximituDemoUITests/Info.plist;
				LD_RUNPATH_SEARCH_PATHS = "$(inherited) @executable_path/Frameworks @loader_path/Frameworks";
				PRODUCT_BUNDLE_IDENTIFIER = com.tio.study.ximituDemoUITests;
				PRODUCT_NAME = "$(TARGET_NAME)";
				TEST_TARGET_NAME = ximituDemo;
			};
			name = Release;
		};
/* End XCBuildConfiguration section */

/* Begin XCConfigurationList section */
		D0FC51231E9725DC0008E121 /* Build configuration list for PBXProject "ximituDemo" */ = {
			isa = XCConfigurationList;
			buildConfigurations = (
				D0FC51531E9725DC0008E121 /* Debug */,
				D0FC51541E9725DC0008E121 /* Release */,
			);
			defaultConfigurationIsVisible = 0;
			defaultConfigurationName = Release;
		};
		D0FC51551E9725DC0008E121 /* Build configuration list for PBXNativeTarget "ximituDemo" */ = {
			isa = XCConfigurationList;
			buildConfigurations = (
				D0FC51561E9725DC0008E121 /* Debug */,
				D0FC51571E9725DC0008E121 /* Release */,
			);
			defaultConfigurationIsVisible = 0;
			defaultConfigurationName = Release;
		};
		D0FC51581E9725DC0008E121 /* Build configuration list for PBXNativeTarget "ximituDemoTests" */ = {
			isa = XCConfigurationList;
			buildConfigurations = (
				D0FC51591E9725DC0008E121 /* Debug */,
				D0FC515A1E9725DC0008E121 /* Release */,
			);
			defaultConfigurationIsVisible = 0;
			defaultConfigurationName = Release;
		};
		D0FC515B1E9725DC0008E121 /* Build configuration list for PBXNativeTarget "ximituDemoUITests" */ = {
			isa = XCConfigurationList;
			buildConfigurations = (
				D0FC515C1E9725DC0008E121 /* Debug */,
				D0FC515D1E9725DC0008E121 /* Release */,
			);
			defaultConfigurationIsVisible = 0;
			defaultConfigurationName = Release;
		};
/* End XCConfigurationList section */
	};
	rootObject = D0FC51201E9725DC0008E121 /* Project object */;
}
